
Microsoft Visual Studio Solution File, Format Version 12.00
# Visual Studio Version 16
VisualStudioVersion = 25.0.1706.7
MinimumVisualStudioVersion = 10.0.40219.1
Project("{FAE04EC0-301F-11D3-BF4B-00C04F79EFBC}") = "GymProyect", "GymProyect\GymProyect.csproj", "{2949F2D3-4617-41B6-BDAD-45FD2C9E36C6}"
EndProject
Project("{2150E333-8FDC-42A3-9474-1A3956D46DE8}") = "Model_1", "Model_1", "{A7E24296-DC10-4E5F-B413-1AACFA023D6B}"
EndProject
Project("{2150E333-8FDC-42A3-9474-1A3956D46DE8}") = "DataAccess_2", "DataAccess_2", "{65D45215-170B-4E18-8335-1B09443983DB}"
EndProject
Project("{2150E333-8FDC-42A3-9474-1A3956D46DE8}") = "CoreApp_3", "CoreApp_3", "{CEAA5E89-51B6-414A-A4C7-200E3FD02403}"
EndProject
Project("{2150E333-8FDC-42A3-9474-1A3956D46DE8}") = "WebAPI_4", "WebAPI_4", "{0A7983F5-4E40-4250-8741-196581A823F9}"
EndProject
Project("{2150E333-8FDC-42A3-9474-1A3956D46DE8}") = "WebApp_5", "WebApp_5", "{F0DC91F1-B6A5-4A55-8AF7-459C1438D8F3}"
EndProject
Project("{FAE04EC0-301F-11D3-BF4B-00C04F79EFBC}") = "Model", "Model\Model.csproj", "{36FD993C-30EA-42B9-B017-644D78F25FAF}"
EndProject
Project("{FAE04EC0-301F-11D3-BF4B-00C04F79EFBC}") = "DataAccess", "DataAccess\DataAccess.csproj", "{E9456D16-195E-44F2-ACBC-85BE561DF5AB}"
EndProject
Project("{FAE04EC0-301F-11D3-BF4B-00C04F79EFBC}") = "CoreApp", "CoreApp\CoreApp.csproj", "{E534C2BD-2BA2-4B8C-8CE6-7CE123BCCBDE}"
EndProject
Project("{FAE04EC0-301F-11D3-BF4B-00C04F79EFBC}") = "WebAPI", "WebAPI\WebAPI.csproj", "{53496FB8-E3DC-4FDB-83B6-1869660679E2}"
EndProject
Project("{FAE04EC0-301F-11D3-BF4B-00C04F79EFBC}") = "WebApp", "WebApp\WebApp.csproj", "{A5159B56-9FFA-4F9E-8408-ACB3DF2ED637}"
EndProject
Global
	GlobalSection(SolutionConfigurationPlatforms) = preSolution
		Debug|Any CPU = Debug|Any CPU
		Release|Any CPU = Release|Any CPU
	EndGlobalSection
	GlobalSection(ProjectConfigurationPlatforms) = postSolution
		{2949F2D3-4617-41B6-BDAD-45FD2C9E36C6}.Debug|Any CPU.ActiveCfg = Debug|Any CPU
		{2949F2D3-4617-41B6-BDAD-45FD2C9E36C6}.Debug|Any CPU.Build.0 = Debug|Any CPU
		{2949F2D3-4617-41B6-BDAD-45FD2C9E36C6}.Release|Any CPU.ActiveCfg = Release|Any CPU
		{2949F2D3-4617-41B6-BDAD-45FD2C9E36C6}.Release|Any CPU.Build.0 = Release|Any CPU
		{36FD993C-30EA-42B9-B017-644D78F25FAF}.Debug|Any CPU.ActiveCfg = Debug|Any CPU
		{36FD993C-30EA-42B9-B017-644D78F25FAF}.Debug|Any CPU.Build.0 = Debug|Any CPU
		{36FD993C-30EA-42B9-B017-644D78F25FAF}.Release|Any CPU.ActiveCfg = Release|Any CPU
		{36FD993C-30EA-42B9-B017-644D78F25FAF}.Release|Any CPU.Build.0 = Release|Any CPU
		{E9456D16-195E-44F2-ACBC-85BE561DF5AB}.Debug|Any CPU.ActiveCfg = Debug|Any CPU
		{E9456D16-195E-44F2-ACBC-85BE561DF5AB}.Debug|Any CPU.Build.0 = Debug|Any CPU
		{E9456D16-195E-44F2-ACBC-85BE561DF5AB}.Release|Any CPU.ActiveCfg = Release|Any CPU
		{E9456D16-195E-44F2-ACBC-85BE561DF5AB}.Release|Any CPU.Build.0 = Release|Any CPU
		{E534C2BD-2BA2-4B8C-8CE6-7CE123BCCBDE}.Debug|Any CPU.ActiveCfg = Debug|Any CPU
		{E534C2BD-2BA2-4B8C-8CE6-7CE123BCCBDE}.Debug|Any CPU.Build.0 = Debug|Any CPU
		{E534C2BD-2BA2-4B8C-8CE6-7CE123BCCBDE}.Release|Any CPU.ActiveCfg = Release|Any CPU
		{E534C2BD-2BA2-4B8C-8CE6-7CE123BCCBDE}.Release|Any CPU.Build.0 = Release|Any CPU
		{53496FB8-E3DC-4FDB-83B6-1869660679E2}.Debug|Any CPU.ActiveCfg = Debug|Any CPU
		{53496FB8-E3DC-4FDB-83B6-1869660679E2}.Debug|Any CPU.Build.0 = Debug|Any CPU
		{53496FB8-E3DC-4FDB-83B6-1869660679E2}.Release|Any CPU.ActiveCfg = Release|Any CPU
		{53496FB8-E3DC-4FDB-83B6-1869660679E2}.Release|Any CPU.Build.0 = Release|Any CPU
		{A5159B56-9FFA-4F9E-8408-ACB3DF2ED637}.Debug|Any CPU.ActiveCfg = Debug|Any CPU
		{A5159B56-9FFA-4F9E-8408-ACB3DF2ED637}.Debug|Any CPU.Build.0 = Debug|Any CPU
		{A5159B56-9FFA-4F9E-8408-ACB3DF2ED637}.Release|Any CPU.ActiveCfg = Release|Any CPU
		{A5159B56-9FFA-4F9E-8408-ACB3DF2ED637}.Release|Any CPU.Build.0 = Release|Any CPU
	EndGlobalSection
	GlobalSection(SolutionProperties) = preSolution
		HideSolutionNode = FALSE
	EndGlobalSection
	GlobalSection(ExtensibilityGlobals) = postSolution
		SolutionGuid = {434E18D6-6030-4415-B203-52F92519F313}
	EndGlobalSection
	GlobalSection(NestedProjects) = preSolution
		{36FD993C-30EA-42B9-B017-644D78F25FAF} = {A7E24296-DC10-4E5F-B413-1AACFA023D6B}
		{E9456D16-195E-44F2-ACBC-85BE561DF5AB} = {65D45215-170B-4E18-8335-1B09443983DB}
		{E534C2BD-2BA2-4B8C-8CE6-7CE123BCCBDE} = {CEAA5E89-51B6-414A-A4C7-200E3FD02403}
		{53496FB8-E3DC-4FDB-83B6-1869660679E2} = {0A7983F5-4E40-4250-8741-196581A823F9}
		{A5159B56-9FFA-4F9E-8408-ACB3DF2ED637} = {F0DC91F1-B6A5-4A55-8AF7-459C1438D8F3}
	EndGlobalSection
EndGlobal
